
Microsoft Visual Studio Solution File, Format Version 12.00
# Visual Studio 15
VisualStudioVersion = 15.0.27703.2047
MinimumVisualStudioVersion = 10.0.40219.1
Project("{FAE04EC0-301F-11D3-BF4B-00C04F79EFBC}") = "SolveArrays", "SolveArrays\SolveArrays.csproj", "{2FB787FA-F97A-46F9-B0D5-6B1A26ABFA82}"
EndProject
Global
	GlobalSection(SolutionConfigurationPlatforms) = preSolution
		Debug|Any CPU = Debug|Any CPU
		Release|Any CPU = Release|Any CPU
	EndGlobalSection
	GlobalSection(ProjectConfigurationPlatforms) = postSolution
		{2FB787FA-F97A-46F9-B0D5-6B1A26ABFA82}.Debug|Any CPU.ActiveCfg = Debug|Any CPU
		{2FB787FA-F97A-46F9-B0D5-6B1A26ABFA82}.Debug|Any CPU.Build.0 = Debug|Any CPU
		{2FB787FA-F97A-46F9-B0D5-6B1A26ABFA82}.Release|Any CPU.ActiveCfg = Release|Any CPU
		{2FB787FA-F97A-46F9-B0D5-6B1A26ABFA82}.Release|Any CPU.Build.0 = Release|Any CPU
	EndGlobalSection
	GlobalSection(SolutionProperties) = preSolution
		HideSolutionNode = FALSE
	EndGlobalSection
	GlobalSection(ExtensibilityGlobals) = postSolution
		SolutionGuid = {6C0A2E2C-1D4D-4366-AEE1-31BA57645176}
	EndGlobalSection
EndGlobal
